github.com/c9s/inflect v0.0.0-20130402162822-006c50878f3f h1:sfSR+DQofxa5poubse9++Zv6wE70rAQ+IZQThxhVHxU=
github.com/c9s/inflect v0.0.0-20130402162822-006c50878f3f/go.mod h1:IyAzlY1qfFweht0xujIYk1aO4Ele06nfXJ+E94dmGIw=
github.com/golang/protobuf v1.3.5 h1:F768QJ1E9tib+q5Sc8MkdJi1RxLTbRcTf8LJV56aRls=
github.com/golang/protobuf v1.3.5/go.mod h1:6O5/vntMXwX2lRkT1hjjk0nAC1IDOTvTlVgjlRvqsdk=
